Microsoft Visual Studio Solution File, Format Version 12.00
# Visual Studio Version 17
VisualStudioVersion = 17.8.34309.116
MinimumVisualStudioVersion = 10.0.40219.1
Project("{FAE04EC0-301F-11D3-BF4B-00C04F79EFBC}") = "JCDECAUX.rest.client", "src\IO.Swagger\JCDECAUX.rest.client.csproj", "{2EE4366E-AEF2-4C11-8032-CBCE4640985B}"
EndProject
Project("{FAE04EC0-301F-11D3-BF4B-00C04F79EFBC}") = "JCDECAUX.wcf.library", "JCDECAUX.wcf.library\JCDECAUX.wcf.library.csproj", "{B438E32D-D408-48CC-8559-AE796BCA2338}"
	ProjectSection(ProjectDependencies) = postProject
		{2EE4366E-AEF2-4C11-8032-CBCE4640985B} = {2EE4366E-AEF2-4C11-8032-CBCE4640985B}
	EndProjectSection
EndProject
Project("{FAE04EC0-301F-11D3-BF4B-00C04F79EFBC}") = "JCDECAUX.wcf.server", "JCDECAUX.wcf.server\JCDECAUX.wcf.server.csproj", "{CC14245A-F8FC-4AC2-92E4-F0EFFEC9D503}"
EndProject
Project("{FAE04EC0-301F-11D3-BF4B-00C04F79EFBC}") = "Routing.wcf.library", "Routing.wcf.library\Routing.wcf.library.csproj", "{C4A17704-2CC5-4C6B-AF4D-706EB7B78CB6}"
	ProjectSection(ProjectDependencies) = postProject
		{B438E32D-D408-48CC-8559-AE796BCA2338} = {B438E32D-D408-48CC-8559-AE796BCA2338}
	EndProjectSection
EndProject
Project("{9A19103F-16F7-4668-BE54-9A1E7A4F7556}") = "OSM.rest.client", "OSM.rest.client\OSM.rest.client.csproj", "{3EACB450-15A4-48B4-8590-41DF05400E5C}"
EndProject
Project("{FAE04EC0-301F-11D3-BF4B-00C04F79EFBC}") = "Routing.wcf.server", "Routing.wcf.server\Routing.wcf.server.csproj", "{6F43DEE7-5F76-4C95-9BA5-1733DFABCCD2}"
EndProject
Global
	GlobalSection(SolutionConfigurationPlatforms) = preSolution
		Debug|Any CPU = Debug|Any CPU
		Release|Any CPU = Release|Any CPU
	EndGlobalSection
	GlobalSection(ProjectConfigurationPlatforms) = postSolution
		{2EE4366E-AEF2-4C11-8032-CBCE4640985B}.Debug|Any CPU.ActiveCfg = Debug|Any CPU
		{2EE4366E-AEF2-4C11-8032-CBCE4640985B}.Debug|Any CPU.Build.0 = Debug|Any CPU
		{2EE4366E-AEF2-4C11-8032-CBCE4640985B}.Release|Any CPU.ActiveCfg = Release|Any CPU
		{2EE4366E-AEF2-4C11-8032-CBCE4640985B}.Release|Any CPU.Build.0 = Release|Any CPU
		{B438E32D-D408-48CC-8559-AE796BCA2338}.Debug|Any CPU.ActiveCfg = Debug|Any CPU
		{B438E32D-D408-48CC-8559-AE796BCA2338}.Debug|Any CPU.Build.0 = Debug|Any CPU
		{B438E32D-D408-48CC-8559-AE796BCA2338}.Release|Any CPU.ActiveCfg = Release|Any CPU
		{B438E32D-D408-48CC-8559-AE796BCA2338}.Release|Any CPU.Build.0 = Release|Any CPU
		{CC14245A-F8FC-4AC2-92E4-F0EFFEC9D503}.Debug|Any CPU.ActiveCfg = Debug|Any CPU
		{CC14245A-F8FC-4AC2-92E4-F0EFFEC9D503}.Debug|Any CPU.Build.0 = Debug|Any CPU
		{CC14245A-F8FC-4AC2-92E4-F0EFFEC9D503}.Release|Any CPU.ActiveCfg = Release|Any CPU
		{CC14245A-F8FC-4AC2-92E4-F0EFFEC9D503}.Release|Any CPU.Build.0 = Release|Any CPU
		{C4A17704-2CC5-4C6B-AF4D-706EB7B78CB6}.Debug|Any CPU.ActiveCfg = Debug|Any CPU
		{C4A17704-2CC5-4C6B-AF4D-706EB7B78CB6}.Debug|Any CPU.Build.0 = Debug|Any CPU
		{C4A17704-2CC5-4C6B-AF4D-706EB7B78CB6}.Release|Any CPU.ActiveCfg = Release|Any CPU
		{C4A17704-2CC5-4C6B-AF4D-706EB7B78CB6}.Release|Any CPU.Build.0 = Release|Any CPU
		{3EACB450-15A4-48B4-8590-41DF05400E5C}.Debug|Any CPU.ActiveCfg = Debug|Any CPU
		{3EACB450-15A4-48B4-8590-41DF05400E5C}.Debug|Any CPU.Build.0 = Debug|Any CPU
		{3EACB450-15A4-48B4-8590-41DF05400E5C}.Release|Any CPU.ActiveCfg = Release|Any CPU
		{3EACB450-15A4-48B4-8590-41DF05400E5C}.Release|Any CPU.Build.0 = Release|Any CPU
		{6F43DEE7-5F76-4C95-9BA5-1733DFABCCD2}.Debug|Any CPU.ActiveCfg = Debug|Any CPU
		{6F43DEE7-5F76-4C95-9BA5-1733DFABCCD2}.Debug|Any CPU.Build.0 = Debug|Any CPU
		{6F43DEE7-5F76-4C95-9BA5-1733DFABCCD2}.Release|Any CPU.ActiveCfg = Release|Any CPU
		{6F43DEE7-5F76-4C95-9BA5-1733DFABCCD2}.Release|Any CPU.Build.0 = Release|Any CPU
	EndGlobalSection
	GlobalSection(SolutionProperties) = preSolution
		HideSolutionNode = FALSE
	EndGlobalSection
	GlobalSection(ExtensibilityGlobals) = postSolution
		SolutionGuid = {9E3AD713-4979-400E-B92A-2015A6F389D8}
	EndGlobalSection
EndGlobal
